{
  "name": "nuku-api-sdk",
  "version": "1.0.0",
  "lockfileVersion": 3,
  "requires": true,
  "packages": {
    "": {
      "name": "nuku-api-sdk",
      "version": "1.0.0",
      "bundleDependencies": [
        "genezio-remote"
      ],
      "dependencies": {
        "genezio-remote": "1.0.0"
      }
    },
    "node_modules/genezio-remote": {
      "version": "1.0.0",
      "inBundle": true
    }
  }
}
